{
  "name": "vue",
  "version": "1.0.0",
  "lockfileVersion": 1,
  "requires": true,
  "dependencies": {
    "vuepress-plugin-auto-sidebar": {
      "version": "1.3.1",
      "resolved": "https://registry.npmjs.org/vuepress-plugin-auto-sidebar/-/vuepress-plugin-auto-sidebar-1.3.1.tgz",
      "integrity": "sha512-rQ9rSkehF02yjxk8Dly9pubidXrRcCM8ITehhu/s+pjH9NIewfstzulebfrrsWuuYxUky5j/E03f1PAJu9G2bg==",
      "dev": true
    }
  }
}
